
Microsoft Visual Studio Solution File, Format Version 12.00
# Visual Studio Version 16
VisualStudioVersion = 16.0.31515.178
MinimumVisualStudioVersion = 10.0.40219.1
Project("{FAE04EC0-301F-11D3-BF4B-00C04F79EFBC}") = "Film_Arsivim", "Film_Arsivim.csproj", "{62C42972-1677-4E1A-9692-FA69DDB8FB2C}"
EndProject
Global
	GlobalSection(SolutionConfigurationPlatforms) = preSolution
		Debug|Any CPU = Debug|Any CPU
		Release|Any CPU = Release|Any CPU
	EndGlobalSection
	GlobalSection(ProjectConfigurationPlatforms) = postSolution
		{62C42972-1677-4E1A-9692-FA69DDB8FB2C}.Debug|Any CPU.ActiveCfg = Debug|Any CPU
		{62C42972-1677-4E1A-9692-FA69DDB8FB2C}.Debug|Any CPU.Build.0 = Debug|Any CPU
		{62C42972-1677-4E1A-9692-FA69DDB8FB2C}.Release|Any CPU.ActiveCfg = Release|Any CPU
		{62C42972-1677-4E1A-9692-FA69DDB8FB2C}.Release|Any CPU.Build.0 = Release|Any CPU
	EndGlobalSection
	GlobalSection(SolutionProperties) = preSolution
		HideSolutionNode = FALSE
	EndGlobalSection
	GlobalSection(ExtensibilityGlobals) = postSolution
		SolutionGuid = {BF9092B9-125A-470E-A463-7DC9072063C3}
	EndGlobalSection
EndGlobal
